// !$*UTF8*$!
{
	archiveVersion = 1;
	classes = {
	};
	objectVersion = 77;
	objects = {

/* Begin PBXBuildFile section */
		4B3A89E42E6C63F50095AF78 /* Config.xcconfig in Resources */ = {isa = PBXBuildFile; fileRef = 4B3A89E32E6C63F50095AF78 /* Config.xcconfig */; };
		4B3A89EC2E6C64F40095AF78 /* arenaforge.framework in Frameworks */ = {isa = PBXBuildFile; fileRef = 4B3A89EB2E6C64F40095AF78 /* arenaforge.framework */; };
		4B3A89ED2E6C64F40095AF78 /* arenaforge.framework in Embed Frameworks */ = {isa = PBXBuildFile; fileRef = 4B3A89EB2E6C64F40095AF78 /* arenaforge.framework */; settings = {ATTRIBUTES = (CodeSignOnCopy, RemoveHeadersOnCopy, ); }; };
		4BC04DB82E6D241900EC6B09 /* WelcomeWindow in Frameworks */ = {isa = PBXBuildFile; productRef = 4BC04DB72E6D241900EC6B09 /* WelcomeWindow */; };
/* End PBXBuildFile section */

/* Begin PBXContainerItemProxy section */
		4B3A89092E6C61F20095AF78 /* PBXContainerItemProxy */ = {
			isa = PBXContainerItemProxy;
			containerPortal = 4B3A88EC2E6C61F10095AF78 /* Project object */;
			proxyType = 1;
			remoteGlobalIDString = 4B3A88F32E6C61F10095AF78;
			remoteInfo = ArenaForgeStudio;
		};
		4B3A89132E6C61F20095AF78 /* PBXContainerItemProxy */ = {
			isa = PBXContainerItemProxy;
			containerPortal = 4B3A88EC2E6C61F10095AF78 /* Project object */;
			proxyType = 1;
			remoteGlobalIDString = 4B3A88F32E6C61F10095AF78;
			remoteInfo = ArenaForgeStudio;
		};
/* End PBXContainerItemProxy section */

/* Begin PBXCopyFilesBuildPhase section */
		4B3A89E92E6C64600095AF78 /* Embed Frameworks */ = {
			isa = PBXCopyFilesBuildPhase;
			buildActionMask = 2147483647;
			dstPath = "";
			dstSubfolderSpec = 10;
			files = (
				4B3A89ED2E6C64F40095AF78 /* arenaforge.framework in Embed Frameworks */,
			);
			name = "Embed Frameworks";
			runOnlyForDeploymentPostprocessing = 0;
		};
/* End PBXCopyFilesBuildPhase section */

/* Begin PBXFileReference section */
		4B3A88F42E6C61F10095AF78 /* ArenaForgeStudio.app */ = {isa = PBXFileReference; explicitFileType = wrapper.application; includeInIndex = 0; path = ArenaForgeStudio.app; sourceTree = BUILT_PRODUCTS_DIR; };
		4B3A89082E6C61F20095AF78 /* ArenaForgeStudioTests.xctest */ = {isa = PBXFileReference; explicitFileType = wrapper.cfbundle; includeInIndex = 0; path = ArenaForgeStudioTests.xctest; sourceTree = BUILT_PRODUCTS_DIR; };
		4B3A89122E6C61F20095AF78 /* ArenaForgeStudioUITests.xctest */ = {isa = PBXFileReference; explicitFileType = wrapper.cfbundle; includeInIndex = 0; path = ArenaForgeStudioUITests.xctest; sourceTree = BUILT_PRODUCTS_DIR; };
		4B3A89E32E6C63F50095AF78 /* Config.xcconfig */ = {isa = PBXFileReference; lastKnownFileType = text.xcconfig; path = Config.xcconfig; sourceTree = "<group>"; };
		4B3A89EB2E6C64F40095AF78 /* arenaforge.framework */ = {isa = PBXFileReference; explicitFileType = wrapper.framework; path = arenaforge.framework; sourceTree = BUILT_PRODUCTS_DIR; };
/* End PBXFileReference section */

/* Begin PBXFileSystemSynchronizedBuildFileExceptionSet section */
		4B3A891A2E6C61F20095AF78 /* Exceptions for "ArenaForgeStudio" folder in "ArenaForgeStudio" target */ = {
			isa = PBXFileSystemSynchronizedBuildFileExceptionSet;
			membershipExceptions = (
				Config/Info.plist,
			);
			target = 4B3A88F32E6C61F10095AF78 /* ArenaForgeStudio */;
		};
/* End PBXFileSystemSynchronizedBuildFileExceptionSet section */

/* Begin PBXFileSystemSynchronizedRootGroup section */
		4B3A88F62E6C61F10095AF78 /* ArenaForgeStudio */ = {
			isa = PBXFileSystemSynchronizedRootGroup;
			exceptions = (
				4B3A891A2E6C61F20095AF78 /* Exceptions for "ArenaForgeStudio" folder in "ArenaForgeStudio" target */,
			);
			path = ArenaForgeStudio;
			sourceTree = "<group>";
		};
		4B3A890B2E6C61F20095AF78 /* ArenaForgeStudioTests */ = {
			isa = PBXFileSystemSynchronizedRootGroup;
			path = ArenaForgeStudioTests;
			sourceTree = "<group>";
		};
		4B3A89152E6C61F20095AF78 /* ArenaForgeStudioUITests */ = {
			isa = PBXFileSystemSynchronizedRootGroup;
			path = ArenaForgeStudioUITests;
			sourceTree = "<group>";
		};
/* End PBXFileSystemSynchronizedRootGroup section */

/* Begin PBXFrameworksBuildPhase section */
		4B3A88F12E6C61F10095AF78 /* Frameworks */ = {
			isa = PBXFrameworksBuildPhase;
			buildActionMask = 2147483647;
			files = (
				4B3A89EC2E6C64F40095AF78 /* arenaforge.framework in Frameworks */,
				4BC04DB82E6D241900EC6B09 /* WelcomeWindow in Frameworks */,
			);
			runOnlyForDeploymentPostprocessing = 0;
		};
		4B3A89052E6C61F20095AF78 /* Frameworks */ = {
			isa = PBXFrameworksBuildPhase;
			buildActionMask = 2147483647;
			files = (
			);
			runOnlyForDeploymentPostprocessing = 0;
		};
		4B3A890F2E6C61F20095AF78 /* Frameworks */ = {
			isa = PBXFrameworksBuildPhase;
			buildActionMask = 2147483647;
			files = (
			);
			runOnlyForDeploymentPostprocessing = 0;
		};
/* End PBXFrameworksBuildPhase section */

/* Begin PBXGroup section */
		4B3A88EB2E6C61F10095AF78 = {
			isa = PBXGroup;
			children = (
				4B3A89E32E6C63F50095AF78 /* Config.xcconfig */,
				4B3A88F62E6C61F10095AF78 /* ArenaForgeStudio */,
				4B3A890B2E6C61F20095AF78 /* ArenaForgeStudioTests */,
				4B3A89152E6C61F20095AF78 /* ArenaForgeStudioUITests */,
				4B3A89AE2E6C63A30095AF78 /* Frameworks */,
				4B3A88F52E6C61F10095AF78 /* Products */,
			);
			sourceTree = "<group>";
		};
		4B3A88F52E6C61F10095AF78 /* Products */ = {
			isa = PBXGroup;
			children = (
				4B3A88F42E6C61F10095AF78 /* ArenaForgeStudio.app */,
				4B3A89082E6C61F20095AF78 /* ArenaForgeStudioTests.xctest */,
				4B3A89122E6C61F20095AF78 /* ArenaForgeStudioUITests.xctest */,
			);
			name = Products;
			sourceTree = "<group>";
		};
		4B3A89AE2E6C63A30095AF78 /* Frameworks */ = {
			isa = PBXGroup;
			children = (
				4B3A89EB2E6C64F40095AF78 /* arenaforge.framework */,
			);
			name = Frameworks;
			sourceTree = "<group>";
		};
/* End PBXGroup section */

/* Begin PBXNativeTarget section */
		4B3A88F32E6C61F10095AF78 /* ArenaForgeStudio */ = {
			isa = PBXNativeTarget;
			buildConfigurationList = 4B3A891B2E6C61F20095AF78 /* Build configuration list for PBXNativeTarget "ArenaForgeStudio" */;
			buildPhases = (
				4B3A89EA2E6C64720095AF78 /* Copy arenaforge framework */,
				4B3A88F02E6C61F10095AF78 /* Sources */,
				4B3A88F12E6C61F10095AF78 /* Frameworks */,
				4B3A88F22E6C61F10095AF78 /* Resources */,
				4B3A89E92E6C64600095AF78 /* Embed Frameworks */,
			);
			buildRules = (
			);
			dependencies = (
			);
			fileSystemSynchronizedGroups = (
				4B3A88F62E6C61F10095AF78 /* ArenaForgeStudio */,
			);
			name = ArenaForgeStudio;
			packageProductDependencies = (
				4BC04DB72E6D241900EC6B09 /* WelcomeWindow */,
			);
			productName = ArenaForgeStudio;
			productReference = 4B3A88F42E6C61F10095AF78 /* ArenaForgeStudio.app */;
			productType = "com.apple.product-type.application";
		};
		4B3A89072E6C61F20095AF78 /* ArenaForgeStudioTests */ = {
			isa = PBXNativeTarget;
			buildConfigurationList = 4B3A89202E6C61F20095AF78 /* Build configuration list for PBXNativeTarget "ArenaForgeStudioTests" */;
			buildPhases = (
				4B3A89042E6C61F20095AF78 /* Sources */,
				4B3A89052E6C61F20095AF78 /* Frameworks */,
				4B3A89062E6C61F20095AF78 /* Resources */,
			);
			buildRules = (
			);
			dependencies = (
				4B3A890A2E6C61F20095AF78 /* PBXTargetDependency */,
			);
			fileSystemSynchronizedGroups = (
				4B3A890B2E6C61F20095AF78 /* ArenaForgeStudioTests */,
			);
			name = ArenaForgeStudioTests;
			packageProductDependencies = (
			);
			productName = ArenaForgeStudioTests;
			productReference = 4B3A89082E6C61F20095AF78 /* ArenaForgeStudioTests.xctest */;
			productType = "com.apple.product-type.bundle.unit-test";
		};
		4B3A89112E6C61F20095AF78 /* ArenaForgeStudioUITests */ = {
			isa = PBXNativeTarget;
			buildConfigurationList = 4B3A89232E6C61F20095AF78 /* Build configuration list for PBXNativeTarget "ArenaForgeStudioUITests" */;
			buildPhases = (
				4B3A890E2E6C61F20095AF78 /* Sources */,
				4B3A890F2E6C61F20095AF78 /* Frameworks */,
				4B3A89102E6C61F20095AF78 /* Resources */,
			);
			buildRules = (
			);
			dependencies = (
				4B3A89142E6C61F20095AF78 /* PBXTargetDependency */,
			);
			fileSystemSynchronizedGroups = (
				4B3A89152E6C61F20095AF78 /* ArenaForgeStudioUITests */,
			);
			name = ArenaForgeStudioUITests;
			packageProductDependencies = (
			);
			productName = ArenaForgeStudioUITests;
			productReference = 4B3A89122E6C61F20095AF78 /* ArenaForgeStudioUITests.xctest */;
			productType = "com.apple.product-type.bundle.ui-testing";
		};
/* End PBXNativeTarget section */

/* Begin PBXProject section */
		4B3A88EC2E6C61F10095AF78 /* Project object */ = {
			isa = PBXProject;
			attributes = {
				BuildIndependentTargetsInParallel = 1;
				LastSwiftUpdateCheck = 1600;
				LastUpgradeCheck = 1600;
				TargetAttributes = {
					4B3A88F32E6C61F10095AF78 = {
						CreatedOnToolsVersion = 16.0;
					};
					4B3A89072E6C61F20095AF78 = {
						CreatedOnToolsVersion = 16.0;
						TestTargetID = 4B3A88F32E6C61F10095AF78;
					};
					4B3A89112E6C61F20095AF78 = {
						CreatedOnToolsVersion = 16.0;
						TestTargetID = 4B3A88F32E6C61F10095AF78;
					};
				};
			};
			buildConfigurationList = 4B3A88EF2E6C61F10095AF78 /* Build configuration list for PBXProject "ArenaForgeStudio" */;
			developmentRegion = en;
			hasScannedForEncodings = 0;
			knownRegions = (
				en,
				Base,
			);
			mainGroup = 4B3A88EB2E6C61F10095AF78;
			minimizedProjectReferenceProxies = 1;
			packageReferences = (
				4BC04DB62E6D241900EC6B09 /* XCRemoteSwiftPackageReference "WelcomeWindow" */,
			);
			preferredProjectObjectVersion = 77;
			productRefGroup = 4B3A88F52E6C61F10095AF78 /* Products */;
			projectDirPath = "";
			projectRoot = "";
			targets = (
				4B3A88F32E6C61F10095AF78 /* ArenaForgeStudio */,
				4B3A89072E6C61F20095AF78 /* ArenaForgeStudioTests */,
				4B3A89112E6C61F20095AF78 /* ArenaForgeStudioUITests */,
			);
		};
/* End PBXProject section */

/* Begin PBXResourcesBuildPhase section */
		4B3A88F22E6C61F10095AF78 /* Resources */ = {
			isa = PBXResourcesBuildPhase;
			buildActionMask = 2147483647;
			files = (
				4B3A89E42E6C63F50095AF78 /* Config.xcconfig in Resources */,
			);
			runOnlyForDeploymentPostprocessing = 0;
		};
		4B3A89062E6C61F20095AF78 /* Resources */ = {
			isa = PBXResourcesBuildPhase;
			buildActionMask = 2147483647;
			files = (
			);
			runOnlyForDeploymentPostprocessing = 0;
		};
		4B3A89102E6C61F20095AF78 /* Resources */ = {
			isa = PBXResourcesBuildPhase;
			buildActionMask = 2147483647;
			files = (
			);
			runOnlyForDeploymentPostprocessing = 0;
		};
/* End PBXResourcesBuildPhase section */

/* Begin PBXShellScriptBuildPhase section */
		4B3A89EA2E6C64720095AF78 /* Copy arenaforge framework */ = {
			isa = PBXShellScriptBuildPhase;
			buildActionMask = 2147483647;
			files = (
			);
			inputFileListPaths = (
			);
			inputPaths = (
			);
			name = "Copy arenaforge framework";
			outputFileListPaths = (
			);
			outputPaths = (
			);
			runOnlyForDeploymentPostprocessing = 0;
			shellPath = /bin/sh;
			shellScript = "set -x\nrsync -avP --delete \"$SRCROOT/../gen_xcode/Products/$CONFIGURATION/arenaforge.framework\" \"$CONFIGURATION_BUILD_DIR\"\n";
		};
/* End PBXShellScriptBuildPhase section */

/* Begin PBXSourcesBuildPhase section */
		4B3A88F02E6C61F10095AF78 /* Sources */ = {
			isa = PBXSourcesBuildPhase;
			buildActionMask = 2147483647;
			files = (
			);
			runOnlyForDeploymentPostprocessing = 0;
		};
		4B3A89042E6C61F20095AF78 /* Sources */ = {
			isa = PBXSourcesBuildPhase;
			buildActionMask = 2147483647;
			files = (
			);
			runOnlyForDeploymentPostprocessing = 0;
		};
		4B3A890E2E6C61F20095AF78 /* Sources */ = {
			isa = PBXSourcesBuildPhase;
			buildActionMask = 2147483647;
			files = (
			);
			runOnlyForDeploymentPostprocessing = 0;
		};
/* End PBXSourcesBuildPhase section */

/* Begin PBXTargetDependency section */
		4B3A890A2E6C61F20095AF78 /* PBXTargetDependency */ = {
			isa = PBXTargetDependency;
			target = 4B3A88F32E6C61F10095AF78 /* ArenaForgeStudio */;
			targetProxy = 4B3A89092E6C61F20095AF78 /* PBXContainerItemProxy */;
		};
		4B3A89142E6C61F20095AF78 /* PBXTargetDependency */ = {
			isa = PBXTargetDependency;
			target = 4B3A88F32E6C61F10095AF78 /* ArenaForgeStudio */;
			targetProxy = 4B3A89132E6C61F20095AF78 /* PBXContainerItemProxy */;
		};
/* End PBXTargetDependency section */

/* Begin XCBuildConfiguration section */
		4B3A891C2E6C61F20095AF78 /* Debug */ = {
			isa = XCBuildConfiguration;
			buildSettings = {
				ASSETCATALOG_COMPILER_APPICON_NAME = AppIcon;
				ASSETCATALOG_COMPILER_GLOBAL_ACCENT_COLOR_NAME = AccentColor;
				CODE_SIGN_ENTITLEMENTS = "$(SRCROOT)/ArenaForgeStudio/Config/ArenaForgeStudio.entitlements";
				CODE_SIGN_STYLE = Manual;
				COMBINE_HIDPI_IMAGES = YES;
				CURRENT_PROJECT_VERSION = 1;
				DEVELOPMENT_TEAM = "";
				GENERATE_INFOPLIST_FILE = YES;
				INFOPLIST_FILE = "$(SRCROOT)/ArenaForgeStudio/Config/Info.plist";
				INFOPLIST_KEY_NSHumanReadableCopyright = "";
				INFOPLIST_KEY_NSMainStoryboardFile = Main;
				INFOPLIST_KEY_NSPrincipalClass = NSApplication;
				LD_RUNPATH_SEARCH_PATHS = (
					"$(inherited)",
					"@executable_path/../Frameworks",
				);
				MARKETING_VERSION = 1.0;
				PRODUCT_BUNDLE_IDENTIFIER = com.arenaforge.ArenaForgeStudio;
				PRODUCT_NAME = "$(TARGET_NAME)";
				PROVISIONING_PROFILE_SPECIFIER = "";
				SWIFT_EMIT_LOC_STRINGS = YES;
				SWIFT_VERSION = 5.0;
			};
			name = Debug;
		};
		4B3A891D2E6C61F20095AF78 /* Release */ = {
			isa = XCBuildConfiguration;
			buildSettings = {
				ASSETCATALOG_COMPILER_APPICON_NAME = AppIcon;
				ASSETCATALOG_COMPILER_GLOBAL_ACCENT_COLOR_NAME = AccentColor;
				CODE_SIGN_ENTITLEMENTS = "$(SRCROOT)/ArenaForgeStudio/Config/ArenaForgeStudio.entitlements";
				CODE_SIGN_STYLE = Manual;
				COMBINE_HIDPI_IMAGES = YES;
				CURRENT_PROJECT_VERSION = 1;
				DEVELOPMENT_TEAM = "";
				GENERATE_INFOPLIST_FILE = YES;
				INFOPLIST_FILE = "$(SRCROOT)/ArenaForgeStudio/Config/Info.plist";
				INFOPLIST_KEY_NSHumanReadableCopyright = "";
				INFOPLIST_KEY_NSMainStoryboardFile = Main;
				INFOPLIST_KEY_NSPrincipalClass = NSApplication;
				LD_RUNPATH_SEARCH_PATHS = (
					"$(inherited)",
					"@executable_path/../Frameworks",
				);
				MARKETING_VERSION = 1.0;
				PRODUCT_BUNDLE_IDENTIFIER = com.arenaforge.ArenaForgeStudio;
				PRODUCT_NAME = "$(TARGET_NAME)";
				PROVISIONING_PROFILE_SPECIFIER = "";
				SWIFT_EMIT_LOC_STRINGS = YES;
				SWIFT_VERSION = 5.0;
			};
			name = Release;
		};
		4B3A891E2E6C61F20095AF78 /* Debug */ = {
			isa = XCBuildConfiguration;
			baseConfigurationReference = 4B3A89E32E6C63F50095AF78 /* Config.xcconfig */;
			buildSettings = {
				ALWAYS_SEARCH_USER_PATHS = NO;
				ASSETCATALOG_COMPILER_GENERATE_SWIFT_ASSET_SYMBOL_EXTENSIONS = YES;
				CLANG_ANALYZER_NONNULL = YES;
				CLANG_ANALYZER_NUMBER_OBJECT_CONVERSION = YES_AGGRESSIVE;
				CLANG_CXX_LANGUAGE_STANDARD = "gnu++20";
				CLANG_ENABLE_MODULES = YES;
				CLANG_ENABLE_OBJC_ARC = YES;
				CLANG_ENABLE_OBJC_WEAK = YES;
				CLANG_WARN_BLOCK_CAPTURE_AUTORELEASING = YES;
				CLANG_WARN_BOOL_CONVERSION = YES;
				CLANG_WARN_COMMA = YES;
				CLANG_WARN_CONSTANT_CONVERSION = YES;
				CLANG_WARN_DEPRECATED_OBJC_IMPLEMENTATIONS = YES;
				CLANG_WARN_DIRECT_OBJC_ISA_USAGE = YES_ERROR;
				CLANG_WARN_DOCUMENTATION_COMMENTS = YES;
				CLANG_WARN_EMPTY_BODY = YES;
				CLANG_WARN_ENUM_CONVERSION = YES;
				CLANG_WARN_INFINITE_RECURSION = YES;
				CLANG_WARN_INT_CONVERSION = YES;
				CLANG_WARN_NON_LITERAL_NULL_CONVERSION = YES;
				CLANG_WARN_OBJC_IMPLICIT_RETAIN_SELF = YES;
				CLANG_WARN_OBJC_LITERAL_CONVERSION = YES;
				CLANG_WARN_OBJC_ROOT_CLASS = YES_ERROR;
				CLANG_WARN_QUOTED_INCLUDE_IN_FRAMEWORK_HEADER = YES;
				CLANG_WARN_RANGE_LOOP_ANALYSIS = YES;
				CLANG_WARN_STRICT_PROTOTYPES = YES;
				CLANG_WARN_SUSPICIOUS_MOVE = YES;
				CLANG_WARN_UNGUARDED_AVAILABILITY = YES_AGGRESSIVE;
				CLANG_WARN_UNREACHABLE_CODE = YES;
				CLANG_WARN__DUPLICATE_METHOD_MATCH = YES;
				COPY_PHASE_STRIP = NO;
				DEBUG_INFORMATION_FORMAT = dwarf;
				ENABLE_STRICT_OBJC_MSGSEND = YES;
				ENABLE_TESTABILITY = YES;
				ENABLE_USER_SCRIPT_SANDBOXING = NO;
				GCC_C_LANGUAGE_STANDARD = gnu17;
				GCC_DYNAMIC_NO_PIC = NO;
				GCC_NO_COMMON_BLOCKS = YES;
				GCC_OPTIMIZATION_LEVEL = 0;
				GCC_PREPROCESSOR_DEFINITIONS = (
					"DEBUG=1",
					"$(inherited)",
				);
				GCC_WARN_64_TO_32_BIT_CONVERSION = YES;
				GCC_WARN_ABOUT_RETURN_TYPE = YES_ERROR;
				GCC_WARN_UNDECLARED_SELECTOR = YES;
				GCC_WARN_UNINITIALIZED_AUTOS = YES_AGGRESSIVE;
				GCC_WARN_UNUSED_FUNCTION = YES;
				GCC_WARN_UNUSED_VARIABLE = YES;
				LOCALIZATION_PREFERS_STRING_CATALOGS = YES;
				MACOSX_DEPLOYMENT_TARGET = 15.0;
				MTL_ENABLE_DEBUG_INFO = INCLUDE_SOURCE;
				MTL_FAST_MATH = YES;
				ONLY_ACTIVE_ARCH = YES;
				SDKROOT = macosx;
				SWIFT_ACTIVE_COMPILATION_CONDITIONS = "DEBUG $(inherited)";
				SWIFT_OPTIMIZATION_LEVEL = "-Onone";
			};
			name = Debug;
		};
		4B3A891F2E6C61F20095AF78 /* Release */ = {
			isa = XCBuildConfiguration;
			baseConfigurationReference = 4B3A89E32E6C63F50095AF78 /* Config.xcconfig */;
			buildSettings = {
				ALWAYS_SEARCH_USER_PATHS = NO;
				ASSETCATALOG_COMPILER_GENERATE_SWIFT_ASSET_SYMBOL_EXTENSIONS = YES;
				CLANG_ANALYZER_NONNULL = YES;
				CLANG_ANALYZER_NUMBER_OBJECT_CONVERSION = YES_AGGRESSIVE;
				CLANG_CXX_LANGUAGE_STANDARD = "gnu++20";
				CLANG_ENABLE_MODULES = YES;
				CLANG_ENABLE_OBJC_ARC = YES;
				CLANG_ENABLE_OBJC_WEAK = YES;
				CLANG_WARN_BLOCK_CAPTURE_AUTORELEASING = YES;
				CLANG_WARN_BOOL_CONVERSION = YES;
				CLANG_WARN_COMMA = YES;
				CLANG_WARN_CONSTANT_CONVERSION = YES;
				CLANG_WARN_DEPRECATED_OBJC_IMPLEMENTATIONS = YES;
				CLANG_WARN_DIRECT_OBJC_ISA_USAGE = YES_ERROR;
				CLANG_WARN_DOCUMENTATION_COMMENTS = YES;
				CLANG_WARN_EMPTY_BODY = YES;
				CLANG_WARN_ENUM_CONVERSION = YES;
				CLANG_WARN_INFINITE_RECURSION = YES;
				CLANG_WARN_INT_CONVERSION = YES;
				CLANG_WARN_NON_LITERAL_NULL_CONVERSION = YES;
				CLANG_WARN_OBJC_IMPLICIT_RETAIN_SELF = YES;
				CLANG_WARN_OBJC_LITERAL_CONVERSION = YES;
				CLANG_WARN_OBJC_ROOT_CLASS = YES_ERROR;
				CLANG_WARN_QUOTED_INCLUDE_IN_FRAMEWORK_HEADER = YES;
				CLANG_WARN_RANGE_LOOP_ANALYSIS = YES;
				CLANG_WARN_STRICT_PROTOTYPES = YES;
				CLANG_WARN_SUSPICIOUS_MOVE = YES;
				CLANG_WARN_UNGUARDED_AVAILABILITY = YES_AGGRESSIVE;
				CLANG_WARN_UNREACHABLE_CODE = YES;
				CLANG_WARN__DUPLICATE_METHOD_MATCH = YES;
				COPY_PHASE_STRIP = NO;
				DEBUG_INFORMATION_FORMAT = "dwarf-with-dsym";
				ENABLE_NS_ASSERTIONS = NO;
				ENABLE_STRICT_OBJC_MSGSEND = YES;
				ENABLE_USER_SCRIPT_SANDBOXING = NO;
				GCC_C_LANGUAGE_STANDARD = gnu17;
				GCC_NO_COMMON_BLOCKS = YES;
				GCC_WARN_64_TO_32_BIT_CONVERSION = YES;
				GCC_WARN_ABOUT_RETURN_TYPE = YES_ERROR;
				GCC_WARN_UNDECLARED_SELECTOR = YES;
				GCC_WARN_UNINITIALIZED_AUTOS = YES_AGGRESSIVE;
				GCC_WARN_UNUSED_FUNCTION = YES;
				GCC_WARN_UNUSED_VARIABLE = YES;
				LOCALIZATION_PREFERS_STRING_CATALOGS = YES;
				MACOSX_DEPLOYMENT_TARGET = 15.0;
				MTL_ENABLE_DEBUG_INFO = NO;
				MTL_FAST_MATH = YES;
				SDKROOT = macosx;
				SWIFT_COMPILATION_MODE = wholemodule;
			};
			name = Release;
		};
		4B3A89212E6C61F20095AF78 /* Debug */ = {
			isa = XCBuildConfiguration;
			buildSettings = {
				BUNDLE_LOADER = "$(TEST_HOST)";
				CODE_SIGN_STYLE = Automatic;
				CURRENT_PROJECT_VERSION = 1;
				GENERATE_INFOPLIST_FILE = YES;
				MACOSX_DEPLOYMENT_TARGET = 15.0;
				MARKETING_VERSION = 1.0;
				PRODUCT_BUNDLE_IDENTIFIER = com.arenaforge.ArenaForgeStudioTests;
				PRODUCT_NAME = "$(TARGET_NAME)";
				SWIFT_EMIT_LOC_STRINGS = NO;
				SWIFT_VERSION = 5.0;
				TEST_HOST = "$(BUILT_PRODUCTS_DIR)/ArenaForgeStudio.app/$(BUNDLE_EXECUTABLE_FOLDER_PATH)/ArenaForgeStudio";
			};
			name = Debug;
		};
		4B3A89222E6C61F20095AF78 /* Release */ = {
			isa = XCBuildConfiguration;
			buildSettings = {
				BUNDLE_LOADER = "$(TEST_HOST)";
				CODE_SIGN_STYLE = Automatic;
				CURRENT_PROJECT_VERSION = 1;
				GENERATE_INFOPLIST_FILE = YES;
				MACOSX_DEPLOYMENT_TARGET = 15.0;
				MARKETING_VERSION = 1.0;
				PRODUCT_BUNDLE_IDENTIFIER = com.arenaforge.ArenaForgeStudioTests;
				PRODUCT_NAME = "$(TARGET_NAME)";
				SWIFT_EMIT_LOC_STRINGS = NO;
				SWIFT_VERSION = 5.0;
				TEST_HOST = "$(BUILT_PRODUCTS_DIR)/ArenaForgeStudio.app/$(BUNDLE_EXECUTABLE_FOLDER_PATH)/ArenaForgeStudio";
			};
			name = Release;
		};
		4B3A89242E6C61F20095AF78 /* Debug */ = {
			isa = XCBuildConfiguration;
			buildSettings = {
				CODE_SIGN_STYLE = Automatic;
				CURRENT_PROJECT_VERSION = 1;
				GENERATE_INFOPLIST_FILE = YES;
				MARKETING_VERSION = 1.0;
				PRODUCT_BUNDLE_IDENTIFIER = com.arenaforge.ArenaForgeStudioUITests;
				PRODUCT_NAME = "$(TARGET_NAME)";
				SWIFT_EMIT_LOC_STRINGS = NO;
				SWIFT_VERSION = 5.0;
				TEST_TARGET_NAME = ArenaForgeStudio;
			};
			name = Debug;
		};
		4B3A89252E6C61F20095AF78 /* Release */ = {
			isa = XCBuildConfiguration;
			buildSettings = {
				CODE_SIGN_STYLE = Automatic;
				CURRENT_PROJECT_VERSION = 1;
				GENERATE_INFOPLIST_FILE = YES;
				MARKETING_VERSION = 1.0;
				PRODUCT_BUNDLE_IDENTIFIER = com.arenaforge.ArenaForgeStudioUITests;
				PRODUCT_NAME = "$(TARGET_NAME)";
				SWIFT_EMIT_LOC_STRINGS = NO;
				SWIFT_VERSION = 5.0;
				TEST_TARGET_NAME = ArenaForgeStudio;
			};
			name = Release;
		};
/* End XCBuildConfiguration section */

/* Begin XCConfigurationList section */
		4B3A88EF2E6C61F10095AF78 /* Build configuration list for PBXProject "ArenaForgeStudio" */ = {
			isa = XCConfigurationList;
			buildConfigurations = (
				4B3A891E2E6C61F20095AF78 /* Debug */,
				4B3A891F2E6C61F20095AF78 /* Release */,
			);
			defaultConfigurationIsVisible = 0;
			defaultConfigurationName = Release;
		};
		4B3A891B2E6C61F20095AF78 /* Build configuration list for PBXNativeTarget "ArenaForgeStudio" */ = {
			isa = XCConfigurationList;
			buildConfigurations = (
				4B3A891C2E6C61F20095AF78 /* Debug */,
				4B3A891D2E6C61F20095AF78 /* Release */,
			);
			defaultConfigurationIsVisible = 0;
			defaultConfigurationName = Release;
		};
		4B3A89202E6C61F20095AF78 /* Build configuration list for PBXNativeTarget "ArenaForgeStudioTests" */ = {
			isa = XCConfigurationList;
			buildConfigurations = (
				4B3A89212E6C61F20095AF78 /* Debug */,
				4B3A89222E6C61F20095AF78 /* Release */,
			);
			defaultConfigurationIsVisible = 0;
			defaultConfigurationName = Release;
		};
		4B3A89232E6C61F20095AF78 /* Build configuration list for PBXNativeTarget "ArenaForgeStudioUITests" */ = {
			isa = XCConfigurationList;
			buildConfigurations = (
				4B3A89242E6C61F20095AF78 /* Debug */,
				4B3A89252E6C61F20095AF78 /* Release */,
			);
			defaultConfigurationIsVisible = 0;
			defaultConfigurationName = Release;
		};
/* End XCConfigurationList section */

/* Begin XCRemoteSwiftPackageReference section */
		4BC04DB62E6D241900EC6B09 /* XCRemoteSwiftPackageReference "WelcomeWindow" */ = {
			isa = XCRemoteSwiftPackageReference;
			repositoryURL = "https://github.com/CodeEditApp/WelcomeWindow";
			requirement = {
				kind = versionRange;
				maximumVersion = 1.1.0;
				minimumVersion = 1.0.0;
			};
		};
/* End XCRemoteSwiftPackageReference section */

/* Begin XCSwiftPackageProductDependency section */
		4BC04DB72E6D241900EC6B09 /* WelcomeWindow */ = {
			isa = XCSwiftPackageProductDependency;
			package = 4BC04DB62E6D241900EC6B09 /* XCRemoteSwiftPackageReference "WelcomeWindow" */;
			productName = WelcomeWindow;
		};
/* End XCSwiftPackageProductDependency section */
	};
	rootObject = 4B3A88EC2E6C61F10095AF78 /* Project object */;
}
